
Microsoft Visual Studio Solution File, Format Version 12.00
# Visual Studio Version 16
VisualStudioVersion = 16.0.32228.343
MinimumVisualStudioVersion = 10.0.40219.1
Project("{FAE04EC0-301F-11D3-BF4B-00C04F79EFBC}") = "Ikinci_Sql_Calismalari", "Ikinci_Sql_Calismalari.csproj", "{A13142A3-3EC9-4597-B329-F15322FD7840}"
EndProject
Global
	GlobalSection(SolutionConfigurationPlatforms) = preSolution
		Debug|Any CPU = Debug|Any CPU
		Release|Any CPU = Release|Any CPU
	EndGlobalSection
	GlobalSection(ProjectConfigurationPlatforms) = postSolution
		{A13142A3-3EC9-4597-B329-F15322FD7840}.Debug|Any CPU.ActiveCfg = Debug|Any CPU
		{A13142A3-3EC9-4597-B329-F15322FD7840}.Debug|Any CPU.Build.0 = Debug|Any CPU
		{A13142A3-3EC9-4597-B329-F15322FD7840}.Release|Any CPU.ActiveCfg = Release|Any CPU
		{A13142A3-3EC9-4597-B329-F15322FD7840}.Release|Any CPU.Build.0 = Release|Any CPU
	EndGlobalSection
	GlobalSection(SolutionProperties) = preSolution
		HideSolutionNode = FALSE
	EndGlobalSection
	GlobalSection(ExtensibilityGlobals) = postSolution
		SolutionGuid = {8A1A39AC-1DD2-4067-A1A1-0078777E0C5A}
	EndGlobalSection
EndGlobal
